
Microsoft Visual Studio Solution File, Format Version 12.00
# Visual Studio Version 16
VisualStudioVersion = 16.0.32929.386
MinimumVisualStudioVersion = 10.0.40219.1
Project("{FAE04EC0-301F-11D3-BF4B-00C04F79EFBC}") = "Utility_calculator", "Utility_calculator\Utility_calculator.csproj", "{EE02B7CA-49C7-491C-A148-8A2CF32FDCD0}"
EndProject
Global
	GlobalSection(SolutionConfigurationPlatforms) = preSolution
		Debug|Any CPU = Debug|Any CPU
		Release|Any CPU = Release|Any CPU
	EndGlobalSection
	GlobalSection(ProjectConfigurationPlatforms) = postSolution
		{EE02B7CA-49C7-491C-A148-8A2CF32FDCD0}.Debug|Any CPU.ActiveCfg = Debug|Any CPU
		{EE02B7CA-49C7-491C-A148-8A2CF32FDCD0}.Debug|Any CPU.Build.0 = Debug|Any CPU
		{EE02B7CA-49C7-491C-A148-8A2CF32FDCD0}.Release|Any CPU.ActiveCfg = Release|Any CPU
		{EE02B7CA-49C7-491C-A148-8A2CF32FDCD0}.Release|Any CPU.Build.0 = Release|Any CPU
	EndGlobalSection
	GlobalSection(SolutionProperties) = preSolution
		HideSolutionNode = FALSE
	EndGlobalSection
	GlobalSection(ExtensibilityGlobals) = postSolution
		SolutionGuid = {3EBDC55E-82B1-47C3-98DE-90B7EE21CEC9}
	EndGlobalSection
EndGlobal
